
Microsoft Visual Studio Solution File, Format Version 12.00
# Visual Studio Version 16
VisualStudioVersion = 16.0.31613.86
MinimumVisualStudioVersion = 10.0.40219.1
Project("{FAE04EC0-301F-11D3-BF4B-00C04F79EFBC}") = "AdovePremiere", "AdovePremiere\AdovePremiere.csproj", "{5B77B928-21E5-43D7-9160-8B4AAD401068}"
EndProject
Global
	GlobalSection(SolutionConfigurationPlatforms) = preSolution
		Debug|Any CPU = Debug|Any CPU
		Release|Any CPU = Release|Any CPU
	EndGlobalSection
	GlobalSection(ProjectConfigurationPlatforms) = postSolution
		{5B77B928-21E5-43D7-9160-8B4AAD401068}.Debug|Any CPU.ActiveCfg = Debug|Any CPU
		{5B77B928-21E5-43D7-9160-8B4AAD401068}.Debug|Any CPU.Build.0 = Debug|Any CPU
		{5B77B928-21E5-43D7-9160-8B4AAD401068}.Release|Any CPU.ActiveCfg = Release|Any CPU
		{5B77B928-21E5-43D7-9160-8B4AAD401068}.Release|Any CPU.Build.0 = Release|Any CPU
	EndGlobalSection
	GlobalSection(SolutionProperties) = preSolution
		HideSolutionNode = FALSE
	EndGlobalSection
	GlobalSection(ExtensibilityGlobals) = postSolution
		SolutionGuid = {8652E40E-C541-4354-A625-F09C6FDED09F}
	EndGlobalSection
EndGlobal
